# This file is automatically @generated by Cargo.
# It is not intended for manual editing.
[[package]]
name = "cfg-if"
version = "0.1.10"
source = "registry+https://github.com/rust-lang/crates.io-index"

[[package]]
name = "difference"
version = "2.0.0"
source = "registry+https://github.com/rust-lang/crates.io-index"

[[package]]
name = "encoding_rs"
version = "0.8.20"
source = "registry+https://github.com/rust-lang/crates.io-index"
dependencies = [
 "cfg-if 0.1.10 (registry+https://github.com/rust-lang/crates.io-index)",
]

[[package]]
name = "encoding_rs_io"
version = "0.1.6"
source = "registry+https://github.com/rust-lang/crates.io-index"
dependencies = [
 "encoding_rs 0.8.20 (registry+https://github.com/rust-lang/crates.io-index)",
]

[[package]]
name = "lua-in-rust"
version = "0.1.0"
dependencies = [
 "difference 2.0.0 (registry+https://github.com/rust-lang/crates.io-index)",
 "encoding_rs 0.8.20 (registry+https://github.com/rust-lang/crates.io-index)",
 "encoding_rs_io 0.1.6 (registry+https://github.com/rust-lang/crates.io-index)",
]

[metadata]
"checksum cfg-if 0.1.10 (registry+https://github.com/rust-lang/crates.io-index)" = "4785bdd1c96b2a846b2bd7cc02e86b6b3dbf14e7e53446c4f54c92a361040822"
"checksum difference 2.0.0 (registry+https://github.com/rust-lang/crates.io-index)" = "524cbf6897b527295dff137cec09ecf3a05f4fddffd7dfcd1585403449e74198"
"checksum encoding_rs 0.8.20 (registry+https://github.com/rust-lang/crates.io-index)" = "87240518927716f79692c2ed85bfe6e98196d18c6401ec75355760233a7e12e9"
"checksum encoding_rs_io 0.1.6 (registry+https://github.com/rust-lang/crates.io-index)" = "9619ee7a2bf4e777e020b95c1439abaf008f8ea8041b78a0552c4f1bcf4df32c"
