# This file is automatically @generated by Cargo.
# It is not intended for manual editing.
[[package]]
name = "cfg-if"
version = "0.1.10"
source = "registry+https://github.com/rust-lang/crates.io-index"

[[package]]
name = "difference"
version = "2.0.0"
source = "registry+https://github.com/rust-lang/crates.io-index"

[[package]]
name = "encoding_rs"
version = "0.8.20"
source = "registry+https://github.com/rust-lang/crates.io-index"
dependencies = [
 "cfg-if 0.1.10 (registry+https://github.com/rust-lang/crates.io-index)",
]

[[package]]
name = "encoding_rs_io"
version = "0.1.6"
source = "registry+https://github.com/rust-lang/crates.io-index"
dependencies = [
 "encoding_rs 0.8.20 (registry+https://github.com/rust-lang/crates.io-index)",
]

[[package]]
name = "itoa"
version = "0.4.4"
source = "registry+https://github.com/rust-lang/crates.io-index"

[[package]]
name = "libc"
version = "0.2.66"
source = "registry+https://github.com/rust-lang/crates.io-index"

[[package]]
name = "lua-in-rust"
version = "0.1.0"
dependencies = [
 "difference 2.0.0 (registry+https://github.com/rust-lang/crates.io-index)",
 "encoding_rs 0.8.20 (registry+https://github.com/rust-lang/crates.io-index)",
 "encoding_rs_io 0.1.6 (registry+https://github.com/rust-lang/crates.io-index)",
 "rs_tracing 1.0.1 (registry+https://github.com/rust-lang/crates.io-index)",
]

[[package]]
name = "redox_syscall"
version = "0.1.56"
source = "registry+https://github.com/rust-lang/crates.io-index"

[[package]]
name = "rs_tracing"
version = "1.0.1"
source = "registry+https://github.com/rust-lang/crates.io-index"
dependencies = [
 "serde 1.0.103 (registry+https://github.com/rust-lang/crates.io-index)",
 "serde_json 1.0.43 (registry+https://github.com/rust-lang/crates.io-index)",
 "time 0.1.42 (registry+https://github.com/rust-lang/crates.io-index)",
]

[[package]]
name = "ryu"
version = "1.0.2"
source = "registry+https://github.com/rust-lang/crates.io-index"

[[package]]
name = "serde"
version = "1.0.103"
source = "registry+https://github.com/rust-lang/crates.io-index"

[[package]]
name = "serde_json"
version = "1.0.43"
source = "registry+https://github.com/rust-lang/crates.io-index"
dependencies = [
 "itoa 0.4.4 (registry+https://github.com/rust-lang/crates.io-index)",
 "ryu 1.0.2 (registry+https://github.com/rust-lang/crates.io-index)",
 "serde 1.0.103 (registry+https://github.com/rust-lang/crates.io-index)",
]

[[package]]
name = "time"
version = "0.1.42"
source = "registry+https://github.com/rust-lang/crates.io-index"
dependencies = [
 "libc 0.2.66 (registry+https://github.com/rust-lang/crates.io-index)",
 "redox_syscall 0.1.56 (registry+https://github.com/rust-lang/crates.io-index)",
 "winapi 0.3.8 (registry+https://github.com/rust-lang/crates.io-index)",
]

[[package]]
name = "winapi"
version = "0.3.8"
source = "registry+https://github.com/rust-lang/crates.io-index"
dependencies = [
 "winapi-i686-pc-windows-gnu 0.4.0 (registry+https://github.com/rust-lang/crates.io-index)",
 "winapi-x86_64-pc-windows-gnu 0.4.0 (registry+https://github.com/rust-lang/crates.io-index)",
]

[[package]]
name = "winapi-i686-pc-windows-gnu"
version = "0.4.0"
source = "registry+https://github.com/rust-lang/crates.io-index"

[[package]]
name = "winapi-x86_64-pc-windows-gnu"
version = "0.4.0"
source = "registry+https://github.com/rust-lang/crates.io-index"

[metadata]
"checksum cfg-if 0.1.10 (registry+https://github.com/rust-lang/crates.io-index)" = "4785bdd1c96b2a846b2bd7cc02e86b6b3dbf14e7e53446c4f54c92a361040822"
"checksum difference 2.0.0 (registry+https://github.com/rust-lang/crates.io-index)" = "524cbf6897b527295dff137cec09ecf3a05f4fddffd7dfcd1585403449e74198"
"checksum encoding_rs 0.8.20 (registry+https://github.com/rust-lang/crates.io-index)" = "87240518927716f79692c2ed85bfe6e98196d18c6401ec75355760233a7e12e9"
"checksum encoding_rs_io 0.1.6 (registry+https://github.com/rust-lang/crates.io-index)" = "9619ee7a2bf4e777e020b95c1439abaf008f8ea8041b78a0552c4f1bcf4df32c"
"checksum itoa 0.4.4 (registry+https://github.com/rust-lang/crates.io-index)" = "501266b7edd0174f8530248f87f99c88fbe60ca4ef3dd486835b8d8d53136f7f"
"checksum libc 0.2.66 (registry+https://github.com/rust-lang/crates.io-index)" = "d515b1f41455adea1313a4a2ac8a8a477634fbae63cc6100e3aebb207ce61558"
"checksum redox_syscall 0.1.56 (registry+https://github.com/rust-lang/crates.io-index)" = "2439c63f3f6139d1b57529d16bc3b8bb855230c8efcc5d3a896c8bea7c3b1e84"
"checksum rs_tracing 1.0.1 (registry+https://github.com/rust-lang/crates.io-index)" = "92b10cbf58a21be5d96a9c0336bd06b50f581dcb735f66ff69781a12336ac03b"
"checksum ryu 1.0.2 (registry+https://github.com/rust-lang/crates.io-index)" = "bfa8506c1de11c9c4e4c38863ccbe02a305c8188e85a05a784c9e11e1c3910c8"
"checksum serde 1.0.103 (registry+https://github.com/rust-lang/crates.io-index)" = "1217f97ab8e8904b57dd22eb61cde455fa7446a9c1cf43966066da047c1f3702"
"checksum serde_json 1.0.43 (registry+https://github.com/rust-lang/crates.io-index)" = "7406489f3d6d6633ea32abb80dede59df6e3d1a6fdd6e867db84bbaff3c7d079"
"checksum time 0.1.42 (registry+https://github.com/rust-lang/crates.io-index)" = "db8dcfca086c1143c9270ac42a2bbd8a7ee477b78ac8e45b19abfb0cbede4b6f"
"checksum winapi 0.3.8 (registry+https://github.com/rust-lang/crates.io-index)" = "8093091eeb260906a183e6ae1abdba2ef5ef2257a21801128899c3fc699229c6"
"checksum winapi-i686-pc-windows-gnu 0.4.0 (registry+https://github.com/rust-lang/crates.io-index)" = "ac3b87c63620426dd9b991e5ce0329eff545bccbbb34f3be09ff6fb6ab51b7b6"
"checksum winapi-x86_64-pc-windows-gnu 0.4.0 (registry+https://github.com/rust-lang/crates.io-index)" = "712e227841d057c1ee1cd2fb22fa7e5a5461ae8e48fa2ca79ec42cfc1931183f"
